// !$*UTF8*$!
{
	archiveVersion = 1;
	classes = {
	};
	objectVersion = 55;
	objects = {

/* Begin PBXBuildFile section */
		2C422C2B292885760015CE9D /* BulletinBoardDetailView.storyboard in Resources */ = {isa = PBXBuildFile; fileRef = 2C422C2A292885760015CE9D /* BulletinBoardDetailView.storyboard */; };
		2C422C2F292885D60015CE9D /* BulletinBoardDetailController.swift in Sources */ = {isa = PBXBuildFile; fileRef = 2C422C2E292885D60015CE9D /* BulletinBoardDetailController.swift */; };
		2C422C312929035C0015CE9D /* BulletinBoardDetailModel.swift in Sources */ = {isa = PBXBuildFile; fileRef = 2C422C302929035C0015CE9D /* BulletinBoardDetailModel.swift */; };
		2C422C3429290D7B0015CE9D /* BulletinBoardCommentCell.swift in Sources */ = {isa = PBXBuildFile; fileRef = 2C422C3229290D7B0015CE9D /* BulletinBoardCommentCell.swift */; };
		2C422C3529290D7B0015CE9D /* BulletinBoardCommentCell.xib in Resources */ = {isa = PBXBuildFile; fileRef = 2C422C3329290D7B0015CE9D /* BulletinBoardCommentCell.xib */; };
		2C422C3A293AE2820015CE9D /* LoginController.swift in Sources */ = {isa = PBXBuildFile; fileRef = 2C422C39293AE2820015CE9D /* LoginController.swift */; };
		2C422C3C293AE2FC0015CE9D /* LoginView.storyboard in Resources */ = {isa = PBXBuildFile; fileRef = 2C422C3B293AE2FC0015CE9D /* LoginView.storyboard */; };
		2C422C3E293AE3130015CE9D /* LoginModel.swift in Sources */ = {isa = PBXBuildFile; fileRef = 2C422C3D293AE3130015CE9D /* LoginModel.swift */; };
		2C422C402949D9850015CE9D /* RegisterIdAndPasswordController.swift in Sources */ = {isa = PBXBuildFile; fileRef = 2C422C3F2949D9850015CE9D /* RegisterIdAndPasswordController.swift */; };
		2C422C422949D9A00015CE9D /* RegisterIdAndPasswordView.storyboard in Resources */ = {isa = PBXBuildFile; fileRef = 2C422C412949D9A00015CE9D /* RegisterIdAndPasswordView.storyboard */; };
		2C56825D298B881500789F31 /* OAuthCredential.swift in Sources */ = {isa = PBXBuildFile; fileRef = 2C56825A298B881500789F31 /* OAuthCredential.swift */; };
		2C56825E298B881500789F31 /* OAuthAuthenticator.swift in Sources */ = {isa = PBXBuildFile; fileRef = 2C56825B298B881500789F31 /* OAuthAuthenticator.swift */; };
		2C56825F298B881500789F31 /* UserRouter.swift in Sources */ = {isa = PBXBuildFile; fileRef = 2C56825C298B881500789F31 /* UserRouter.swift */; };
		2C568261298B884C00789F31 /* AuthModel.swift in Sources */ = {isa = PBXBuildFile; fileRef = 2C568260298B884C00789F31 /* AuthModel.swift */; };
		2C56826B298BB8DC00789F31 /* MembersRouter.swift in Sources */ = {isa = PBXBuildFile; fileRef = 2C56826A298BB8DC00789F31 /* MembersRouter.swift */; };
		2CDEAA7528EFC2AA00464E30 /* LaunchScreen.storyboard in Resources */ = {isa = PBXBuildFile; fileRef = 2CE968FF28EFBE1800E2D068 /* LaunchScreen.storyboard */; };
		2CDEAA7628EFC2AE00464E30 /* MainView.storyboard in Resources */ = {isa = PBXBuildFile; fileRef = 2CE9690128EFBE1800E2D068 /* MainView.storyboard */; };
		2CDEAA7828EFC4AD00464E30 /* TabBarController.swift in Sources */ = {isa = PBXBuildFile; fileRef = 2CDEAA7728EFC4AD00464E30 /* TabBarController.swift */; };
		2CDEAA7D28F59CB800464E30 /* SideMenuController.swift in Sources */ = {isa = PBXBuildFile; fileRef = 2CDEAA7C28F59CB800464E30 /* SideMenuController.swift */; };
		2CDEAA8228F59E2A00464E30 /* SideMenuView.storyboard in Resources */ = {isa = PBXBuildFile; fileRef = 2CDEAA8128F59E2A00464E30 /* SideMenuView.storyboard */; };
		2CDEAA8428F5A9F500464E30 /* CustomSideMenuNavigationController.swift in Sources */ = {isa = PBXBuildFile; fileRef = 2CDEAA8328F5A9F500464E30 /* CustomSideMenuNavigationController.swift */; };
		2CE85A1D28EA80FA00EC6016 /* AppDelegate.swift in Sources */ = {isa = PBXBuildFile; fileRef = 2CE85A1C28EA80FA00EC6016 /* AppDelegate.swift */; };
		2CE85A1F28EA80FA00EC6016 /* SceneDelegate.swift in Sources */ = {isa = PBXBuildFile; fileRef = 2CE85A1E28EA80FA00EC6016 /* SceneDelegate.swift */; };
		2CE85A2628EA80FB00EC6016 /* Assets.xcassets in Resources */ = {isa = PBXBuildFile; fileRef = 2CE85A2528EA80FB00EC6016 /* Assets.xcassets */; };
		2CE968E528EFB88000E2D068 /* extension.swift in Sources */ = {isa = PBXBuildFile; fileRef = 2CE968E428EFB88000E2D068 /* extension.swift */; };
		2CE968ED28EFB9BB00E2D068 /* BulletinBoardSelectionModel.swift in Sources */ = {isa = PBXBuildFile; fileRef = 2CE968EC28EFB9BB00E2D068 /* BulletinBoardSelectionModel.swift */; };
		2CE968EF28EFB9D300E2D068 /* BulletinBoardSelectionView.storyboard in Resources */ = {isa = PBXBuildFile; fileRef = 2CE968EE28EFB9D300E2D068 /* BulletinBoardSelectionView.storyboard */; };
		2CE968F128EFB9E100E2D068 /* BulletinBoardSelectionController.swift in Sources */ = {isa = PBXBuildFile; fileRef = 2CE968F028EFB9E100E2D068 /* BulletinBoardSelectionController.swift */; };
		2CE968F528EFBB1300E2D068 /* ProfileView.storyboard in Resources */ = {isa = PBXBuildFile; fileRef = 2CE968F428EFBB1300E2D068 /* ProfileView.storyboard */; };
		2CE968F928EFBB7F00E2D068 /* ProfileController.swift in Sources */ = {isa = PBXBuildFile; fileRef = 2CE968F828EFBB7F00E2D068 /* ProfileController.swift */; };
		2CE968FD28EFBBD000E2D068 /* ProfileModel.swift in Sources */ = {isa = PBXBuildFile; fileRef = 2CE968FC28EFBBD000E2D068 /* ProfileModel.swift */; };
		2CFDE774297912A8009695BA /* RegisterEmailAndInformationController.swift in Sources */ = {isa = PBXBuildFile; fileRef = 2CFDE773297912A8009695BA /* RegisterEmailAndInformationController.swift */; };
		2CFDE777297912E7009695BA /* RegisterEmailAndInformationView.storyboard in Resources */ = {isa = PBXBuildFile; fileRef = 2CFDE776297912E7009695BA /* RegisterEmailAndInformationView.storyboard */; };
		2CFDE779297917B2009695BA /* EmailVerifyView.storyboard in Resources */ = {isa = PBXBuildFile; fileRef = 2CFDE778297917B2009695BA /* EmailVerifyView.storyboard */; };
		2CFDE77B297917C8009695BA /* EmailVerifyController.swift in Sources */ = {isa = PBXBuildFile; fileRef = 2CFDE77A297917C8009695BA /* EmailVerifyController.swift */; };
		2CFDE77D297A637C009695BA /* RegisterModel.swift in Sources */ = {isa = PBXBuildFile; fileRef = 2CFDE77C297A637C009695BA /* RegisterModel.swift */; };
		2CFDE77F297ED4AB009695BA /* AlamofireManager.swift in Sources */ = {isa = PBXBuildFile; fileRef = 2CFDE77E297ED4AB009695BA /* AlamofireManager.swift */; };
		2CFDE783297FAA53009695BA /* AuthRouter.swift in Sources */ = {isa = PBXBuildFile; fileRef = 2CFDE782297FAA53009695BA /* AuthRouter.swift */; };
		2CFDE785297FAB28009695BA /* BaseInterceptor.swift in Sources */ = {isa = PBXBuildFile; fileRef = 2CFDE784297FAB28009695BA /* BaseInterceptor.swift */; };
		2CFDE787297FAC4F009695BA /* MyLogger.swift in Sources */ = {isa = PBXBuildFile; fileRef = 2CFDE786297FAC4F009695BA /* MyLogger.swift */; };
		53733250290C8B3100D6DE25 /* FreeBoardViewController.swift in Sources */ = {isa = PBXBuildFile; fileRef = 5373324F290C8B3100D6DE25 /* FreeBoardViewController.swift */; };
		53733253290C908C00D6DE25 /* FreeBoardXibViewCell.swift in Sources */ = {isa = PBXBuildFile; fileRef = 53733251290C908C00D6DE25 /* FreeBoardXibViewCell.swift */; };
		53733254290C908C00D6DE25 /* FreeBoardXibViewCell.xib in Resources */ = {isa = PBXBuildFile; fileRef = 53733252290C908C00D6DE25 /* FreeBoardXibViewCell.xib */; };
		53733256291159C700D6DE25 /* FreeBoardModel.swift in Sources */ = {isa = PBXBuildFile; fileRef = 53733255291159C700D6DE25 /* FreeBoardModel.swift */; };
		53FD971828F58F6B002F9190 /* BoardSelectionTableViewCell.swift in Sources */ = {isa = PBXBuildFile; fileRef = 53FD971628F58F6B002F9190 /* BoardSelectionTableViewCell.swift */; };
		53FD971928F58F6B002F9190 /* BulletinBoardSelectionTableViewCell.xib in Resources */ = {isa = PBXBuildFile; fileRef = 53FD971728F58F6B002F9190 /* BulletinBoardSelectionTableViewCell.xib */; };
		53FD972328F5D8D1002F9190 /* BoardView.storyboard in Resources */ = {isa = PBXBuildFile; fileRef = 53FD972228F5D8D1002F9190 /* BoardView.storyboard */; };
		53FD972928F5FA63002F9190 /* BoardNavigationController.swift in Sources */ = {isa = PBXBuildFile; fileRef = 53FD972828F5FA63002F9190 /* BoardNavigationController.swift */; };
		67D648D92EE2EC96657AF68B /* Pods_FlagBoard.framework in Frameworks */ = {isa = PBXBuildFile; fileRef = C451DCE60DB946DC375FED99 /* Pods_FlagBoard.framework */; };
/* End PBXBuildFile section */

/* Begin PBXFileReference section */
		2C422C2A292885760015CE9D /* BulletinBoardDetailView.storyboard */ = {isa = PBXFileReference; lastKnownFileType = file.storyboard; path = BulletinBoardDetailView.storyboard; sourceTree = "<group>"; };
		2C422C2E292885D60015CE9D /* BulletinBoardDetailController.swift */ = {isa = PBXFileReference; lastKnownFileType = sourcecode.swift; path = BulletinBoardDetailController.swift; sourceTree = "<group>"; };
		2C422C302929035C0015CE9D /* BulletinBoardDetailModel.swift */ = {isa = PBXFileReference; lastKnownFileType = sourcecode.swift; path = BulletinBoardDetailModel.swift; sourceTree = "<group>"; };
		2C422C3229290D7B0015CE9D /* BulletinBoardCommentCell.swift */ = {isa = PBXFileReference; lastKnownFileType = sourcecode.swift; path = BulletinBoardCommentCell.swift; sourceTree = "<group>"; };
		2C422C3329290D7B0015CE9D /* BulletinBoardCommentCell.xib */ = {isa = PBXFileReference; lastKnownFileType = file.xib; path = BulletinBoardCommentCell.xib; sourceTree = "<group>"; };
		2C422C39293AE2820015CE9D /* LoginController.swift */ = {isa = PBXFileReference; lastKnownFileType = sourcecode.swift; path = LoginController.swift; sourceTree = "<group>"; };
		2C422C3B293AE2FC0015CE9D /* LoginView.storyboard */ = {isa = PBXFileReference; lastKnownFileType = file.storyboard; path = LoginView.storyboard; sourceTree = "<group>"; };
		2C422C3D293AE3130015CE9D /* LoginModel.swift */ = {isa = PBXFileReference; lastKnownFileType = sourcecode.swift; path = LoginModel.swift; sourceTree = "<group>"; };
		2C422C3F2949D9850015CE9D /* RegisterIdAndPasswordController.swift */ = {isa = PBXFileReference; lastKnownFileType = sourcecode.swift; path = RegisterIdAndPasswordController.swift; sourceTree = "<group>"; };
		2C422C412949D9A00015CE9D /* RegisterIdAndPasswordView.storyboard */ = {isa = PBXFileReference; lastKnownFileType = file.storyboard; path = RegisterIdAndPasswordView.storyboard; sourceTree = "<group>"; };
		2C56825A298B881500789F31 /* OAuthCredential.swift */ = {isa = PBXFileReference; fileEncoding = 4; lastKnownFileType = sourcecode.swift; path = OAuthCredential.swift; sourceTree = "<group>"; };
		2C56825B298B881500789F31 /* OAuthAuthenticator.swift */ = {isa = PBXFileReference; fileEncoding = 4; lastKnownFileType = sourcecode.swift; path = OAuthAuthenticator.swift; sourceTree = "<group>"; };
		2C56825C298B881500789F31 /* UserRouter.swift */ = {isa = PBXFileReference; fileEncoding = 4; lastKnownFileType = sourcecode.swift; path = UserRouter.swift; sourceTree = "<group>"; };
		2C568260298B884C00789F31 /* AuthModel.swift */ = {isa = PBXFileReference; fileEncoding = 4; lastKnownFileType = sourcecode.swift; path = AuthModel.swift; sourceTree = "<group>"; };
		2C56826A298BB8DC00789F31 /* MembersRouter.swift */ = {isa = PBXFileReference; lastKnownFileType = sourcecode.swift; path = MembersRouter.swift; sourceTree = "<group>"; };
		2CDEAA7728EFC4AD00464E30 /* TabBarController.swift */ = {isa = PBXFileReference; lastKnownFileType = sourcecode.swift; path = TabBarController.swift; sourceTree = "<group>"; };
		2CDEAA7C28F59CB800464E30 /* SideMenuController.swift */ = {isa = PBXFileReference; lastKnownFileType = sourcecode.swift; name = SideMenuController.swift; path = FlagBoard/Controller/SideMenu/SideMenuController.swift; sourceTree = SOURCE_ROOT; };
		2CDEAA8128F59E2A00464E30 /* SideMenuView.storyboard */ = {isa = PBXFileReference; lastKnownFileType = file.storyboard; path = SideMenuView.storyboard; sourceTree = "<group>"; };
		2CDEAA8328F5A9F500464E30 /* CustomSideMenuNavigationController.swift */ = {isa = PBXFileReference; lastKnownFileType = sourcecode.swift; path = CustomSideMenuNavigationController.swift; sourceTree = "<group>"; };
		2CE85A1928EA80FA00EC6016 /* FlagBoard.app */ = {isa = PBXFileReference; explicitFileType = wrapper.application; includeInIndex = 0; path = FlagBoard.app; sourceTree = BUILT_PRODUCTS_DIR; };
		2CE85A1C28EA80FA00EC6016 /* AppDelegate.swift */ = {isa = PBXFileReference; lastKnownFileType = sourcecode.swift; path = AppDelegate.swift; sourceTree = "<group>"; };
		2CE85A1E28EA80FA00EC6016 /* SceneDelegate.swift */ = {isa = PBXFileReference; lastKnownFileType = sourcecode.swift; path = SceneDelegate.swift; sourceTree = "<group>"; };
		2CE85A2528EA80FB00EC6016 /* Assets.xcassets */ = {isa = PBXFileReference; lastKnownFileType = folder.assetcatalog; path = Assets.xcassets; sourceTree = "<group>"; };
		2CE85A2A28EA80FB00EC6016 /* Info.plist */ = {isa = PBXFileReference; lastKnownFileType = text.plist.xml; path = Info.plist; sourceTree = "<group>"; };
		2CE968E428EFB88000E2D068 /* extension.swift */ = {isa = PBXFileReference; lastKnownFileType = sourcecode.swift; path = extension.swift; sourceTree = "<group>"; };
		2CE968EC28EFB9BB00E2D068 /* BulletinBoardSelectionModel.swift */ = {isa = PBXFileReference; lastKnownFileType = sourcecode.swift; path = BulletinBoardSelectionModel.swift; sourceTree = "<group>"; };
		2CE968EE28EFB9D300E2D068 /* BulletinBoardSelectionView.storyboard */ = {isa = PBXFileReference; lastKnownFileType = file.storyboard; path = BulletinBoardSelectionView.storyboard; sourceTree = "<group>"; };
		2CE968F028EFB9E100E2D068 /* BulletinBoardSelectionController.swift */ = {isa = PBXFileReference; lastKnownFileType = sourcecode.swift; path = BulletinBoardSelectionController.swift; sourceTree = "<group>"; };
		2CE968F428EFBB1300E2D068 /* ProfileView.storyboard */ = {isa = PBXFileReference; lastKnownFileType = file.storyboard; path = ProfileView.storyboard; sourceTree = "<group>"; };
		2CE968F828EFBB7F00E2D068 /* ProfileController.swift */ = {isa = PBXFileReference; lastKnownFileType = sourcecode.swift; path = ProfileController.swift; sourceTree = "<group>"; };
		2CE968FC28EFBBD000E2D068 /* ProfileModel.swift */ = {isa = PBXFileReference; lastKnownFileType = sourcecode.swift; path = ProfileModel.swift; sourceTree = "<group>"; };
		2CE9690028EFBE1800E2D068 /* Base */ = {isa = PBXFileReference; lastKnownFileType = file.storyboard; name = Base; path = LaunchScreen.storyboard; sourceTree = "<group>"; };
		2CE9690228EFBE1800E2D068 /* Base */ = {isa = PBXFileReference; lastKnownFileType = file.storyboard; name = Base; path = MainView.storyboard; sourceTree = "<group>"; };
		2CFDE773297912A8009695BA /* RegisterEmailAndInformationController.swift */ = {isa = PBXFileReference; lastKnownFileType = sourcecode.swift; path = RegisterEmailAndInformationController.swift; sourceTree = "<group>"; };
		2CFDE776297912E7009695BA /* RegisterEmailAndInformationView.storyboard */ = {isa = PBXFileReference; lastKnownFileType = file.storyboard; path = RegisterEmailAndInformationView.storyboard; sourceTree = "<group>"; };
		2CFDE778297917B2009695BA /* EmailVerifyView.storyboard */ = {isa = PBXFileReference; lastKnownFileType = file.storyboard; path = EmailVerifyView.storyboard; sourceTree = "<group>"; };
		2CFDE77A297917C8009695BA /* EmailVerifyController.swift */ = {isa = PBXFileReference; lastKnownFileType = sourcecode.swift; path = EmailVerifyController.swift; sourceTree = "<group>"; };
		2CFDE77C297A637C009695BA /* RegisterModel.swift */ = {isa = PBXFileReference; lastKnownFileType = sourcecode.swift; path = RegisterModel.swift; sourceTree = "<group>"; };
		2CFDE77E297ED4AB009695BA /* AlamofireManager.swift */ = {isa = PBXFileReference; lastKnownFileType = sourcecode.swift; path = AlamofireManager.swift; sourceTree = "<group>"; };
		2CFDE782297FAA53009695BA /* AuthRouter.swift */ = {isa = PBXFileReference; lastKnownFileType = sourcecode.swift; path = AuthRouter.swift; sourceTree = "<group>"; };
		2CFDE784297FAB28009695BA /* BaseInterceptor.swift */ = {isa = PBXFileReference; lastKnownFileType = sourcecode.swift; path = BaseInterceptor.swift; sourceTree = "<group>"; };
		2CFDE786297FAC4F009695BA /* MyLogger.swift */ = {isa = PBXFileReference; lastKnownFileType = sourcecode.swift; path = MyLogger.swift; sourceTree = "<group>"; };
		403779DE585FDF34D23A003D /* Pods-FlagBoard.release.xcconfig */ = {isa = PBXFileReference; includeInIndex = 1; lastKnownFileType = text.xcconfig; name = "Pods-FlagBoard.release.xcconfig"; path = "Target Support Files/Pods-FlagBoard/Pods-FlagBoard.release.xcconfig"; sourceTree = "<group>"; };
		45BADE8B62D0B361CB0AA07E /* Pods-FlagBoard.debug.xcconfig */ = {isa = PBXFileReference; includeInIndex = 1; lastKnownFileType = text.xcconfig; name = "Pods-FlagBoard.debug.xcconfig"; path = "Target Support Files/Pods-FlagBoard/Pods-FlagBoard.debug.xcconfig"; sourceTree = "<group>"; };
		5373324F290C8B3100D6DE25 /* FreeBoardViewController.swift */ = {isa = PBXFileReference; lastKnownFileType = sourcecode.swift; path = FreeBoardViewController.swift; sourceTree = "<group>"; };
		53733251290C908C00D6DE25 /* FreeBoardXibViewCell.swift */ = {isa = PBXFileReference; lastKnownFileType = sourcecode.swift; path = FreeBoardXibViewCell.swift; sourceTree = "<group>"; };
		53733252290C908C00D6DE25 /* FreeBoardXibViewCell.xib */ = {isa = PBXFileReference; lastKnownFileType = file.xib; path = FreeBoardXibViewCell.xib; sourceTree = "<group>"; };
		53733255291159C700D6DE25 /* FreeBoardModel.swift */ = {isa = PBXFileReference; lastKnownFileType = sourcecode.swift; path = FreeBoardModel.swift; sourceTree = "<group>"; };
		53FD971628F58F6B002F9190 /* BoardSelectionTableViewCell.swift */ = {isa = PBXFileReference; lastKnownFileType = sourcecode.swift; path = BoardSelectionTableViewCell.swift; sourceTree = "<group>"; };
		53FD971728F58F6B002F9190 /* BulletinBoardSelectionTableViewCell.xib */ = {isa = PBXFileReference; lastKnownFileType = file.xib; path = BulletinBoardSelectionTableViewCell.xib; sourceTree = "<group>"; };
		53FD972228F5D8D1002F9190 /* BoardView.storyboard */ = {isa = PBXFileReference; lastKnownFileType = file.storyboard; path = BoardView.storyboard; sourceTree = "<group>"; };
		53FD972828F5FA63002F9190 /* BoardNavigationController.swift */ = {isa = PBXFileReference; lastKnownFileType = sourcecode.swift; path = BoardNavigationController.swift; sourceTree = "<group>"; };
		C451DCE60DB946DC375FED99 /* Pods_FlagBoard.framework */ = {isa = PBXFileReference; explicitFileType = wrapper.framework; includeInIndex = 0; path = Pods_FlagBoard.framework; sourceTree = BUILT_PRODUCTS_DIR; };
/* End PBXFileReference section */

/* Begin PBXFrameworksBuildPhase section */
		2CE85A1628EA80FA00EC6016 /* Frameworks */ = {
			isa = PBXFrameworksBuildPhase;
			buildActionMask = 2147483647;
			files = (
				67D648D92EE2EC96657AF68B /* Pods_FlagBoard.framework in Frameworks */,
			);
			runOnlyForDeploymentPostprocessing = 0;
		};
/* End PBXFrameworksBuildPhase section */

/* Begin PBXGroup section */
		2C422C36293AE1430015CE9D /* Login */ = {
			isa = PBXGroup;
			children = (
				2C422C39293AE2820015CE9D /* LoginController.swift */,
				2C422C3F2949D9850015CE9D /* RegisterIdAndPasswordController.swift */,
				2CFDE773297912A8009695BA /* RegisterEmailAndInformationController.swift */,
				2CFDE77A297917C8009695BA /* EmailVerifyController.swift */,
			);
			path = Login;
			sourceTree = "<group>";
		};
		2C422C37293AE2240015CE9D /* Login */ = {
			isa = PBXGroup;
			children = (
				2C422C3B293AE2FC0015CE9D /* LoginView.storyboard */,
				2C422C412949D9A00015CE9D /* RegisterIdAndPasswordView.storyboard */,
				2CFDE776297912E7009695BA /* RegisterEmailAndInformationView.storyboard */,
				2CFDE778297917B2009695BA /* EmailVerifyView.storyboard */,
			);
			path = Login;
			sourceTree = "<group>";
		};
		2C422C38293AE2370015CE9D /* Login */ = {
			isa = PBXGroup;
			children = (
				2C422C3D293AE3130015CE9D /* LoginModel.swift */,
				2CFDE77C297A637C009695BA /* RegisterModel.swift */,
				2C568260298B884C00789F31 /* AuthModel.swift */,
			);
			path = Login;
			sourceTree = "<group>";
		};
		2C568264298B8B7800789F31 /* Manager */ = {
			isa = PBXGroup;
			children = (
				2CFDE77E297ED4AB009695BA /* AlamofireManager.swift */,
			);
			path = Manager;
			sourceTree = "<group>";
		};
		2C568265298B8B8C00789F31 /* OAuth */ = {
			isa = PBXGroup;
			children = (
				2C56825B298B881500789F31 /* OAuthAuthenticator.swift */,
				2C56825A298B881500789F31 /* OAuthCredential.swift */,
			);
			path = OAuth;
			sourceTree = "<group>";
		};
		2C568266298B8BA200789F31 /* Router */ = {
			isa = PBXGroup;
			children = (
				2CFDE782297FAA53009695BA /* AuthRouter.swift */,
				2C56825C298B881500789F31 /* UserRouter.swift */,
				2C56826A298BB8DC00789F31 /* MembersRouter.swift */,
			);
			path = Router;
			sourceTree = "<group>";
		};
		2C568267298B8BB600789F31 /* Logger */ = {
			isa = PBXGroup;
			children = (
				2CFDE786297FAC4F009695BA /* MyLogger.swift */,
			);
			path = Logger;
			sourceTree = "<group>";
		};
		2C568268298B8BC700789F31 /* Interceptor */ = {
			isa = PBXGroup;
			children = (
				2CFDE784297FAB28009695BA /* BaseInterceptor.swift */,
			);
			path = Interceptor;
			sourceTree = "<group>";
		};
		2CDEAA7E28F59CC900464E30 /* SideMenu */ = {
			isa = PBXGroup;
			children = (
				2CDEAA7C28F59CB800464E30 /* SideMenuController.swift */,
				2CDEAA8328F5A9F500464E30 /* CustomSideMenuNavigationController.swift */,
			);
			path = SideMenu;
			sourceTree = "<group>";
		};
		2CDEAA7F28F59CD900464E30 /* TabBar */ = {
			isa = PBXGroup;
			children = (
				2CDEAA7728EFC4AD00464E30 /* TabBarController.swift */,
			);
			path = TabBar;
			sourceTree = "<group>";
		};
		2CDEAA8028F59E0C00464E30 /* SideMenu */ = {
			isa = PBXGroup;
			children = (
				2CDEAA8128F59E2A00464E30 /* SideMenuView.storyboard */,
			);
			path = SideMenu;
			sourceTree = "<group>";
		};
		2CE85A1028EA80FA00EC6016 = {
			isa = PBXGroup;
			children = (
				2CE85A1B28EA80FA00EC6016 /* FlagBoard */,
				2CE85A1A28EA80FA00EC6016 /* Products */,
				46EA33E1708EAE83CB868B88 /* Pods */,
				F4FBB76D4D53C07A223C8D48 /* Frameworks */,
			);
			sourceTree = "<group>";
		};
		2CE85A1A28EA80FA00EC6016 /* Products */ = {
			isa = PBXGroup;
			children = (
				2CE85A1928EA80FA00EC6016 /* FlagBoard.app */,
			);
			name = Products;
			sourceTree = "<group>";
		};
		2CE85A1B28EA80FA00EC6016 /* FlagBoard */ = {
			isa = PBXGroup;
			children = (
				2CE968EB28EFB9A500E2D068 /* Controller */,
				2CE968EA28EFB9A000E2D068 /* View */,
				2CE968E928EFB98C00E2D068 /* Model */,
				2CE968E328EFB7F600E2D068 /* Extension */,
				2CE968E228EFB7D400E2D068 /* Network */,
				2CE85A3028EAB6B600EC6016 /* Resources */,
			);
			path = FlagBoard;
			sourceTree = "<group>";
		};
		2CE85A3028EAB6B600EC6016 /* Resources */ = {
			isa = PBXGroup;
			children = (
				2CE85A2528EA80FB00EC6016 /* Assets.xcassets */,
				2CE85A1C28EA80FA00EC6016 /* AppDelegate.swift */,
				2CE85A1E28EA80FA00EC6016 /* SceneDelegate.swift */,
				2CE85A2A28EA80FB00EC6016 /* Info.plist */,
			);
			path = Resources;
			sourceTree = "<group>";
		};
		2CE968E228EFB7D400E2D068 /* Network */ = {
			isa = PBXGroup;
			children = (
				2C568268298B8BC700789F31 /* Interceptor */,
				2C568267298B8BB600789F31 /* Logger */,
				2C568266298B8BA200789F31 /* Router */,
				2C568265298B8B8C00789F31 /* OAuth */,
				2C568264298B8B7800789F31 /* Manager */,
			);
			path = Network;
			sourceTree = "<group>";
		};
		2CE968E328EFB7F600E2D068 /* Extension */ = {
			isa = PBXGroup;
			children = (
				2CE968E428EFB88000E2D068 /* extension.swift */,
			);
			path = Extension;
			sourceTree = "<group>";
		};
		2CE968E928EFB98C00E2D068 /* Model */ = {
			isa = PBXGroup;
			children = (
				2C422C38293AE2370015CE9D /* Login */,
				2CE968FB28EFBBA300E2D068 /* Profile */,
				2CE968FA28EFBB9A00E2D068 /* BulletinBoard */,
			);
			path = Model;
			sourceTree = "<group>";
		};
		2CE968EA28EFB9A000E2D068 /* View */ = {
			isa = PBXGroup;
			children = (
				2C422C37293AE2240015CE9D /* Login */,
				2CDEAA8028F59E0C00464E30 /* SideMenu */,
				2CE968FE28EFBE1800E2D068 /* Base.lproj */,
				2CE968F328EFBA7500E2D068 /* Profile */,
				2CE968F228EFBA5D00E2D068 /* BulletinBoard */,
			);
			path = View;
			sourceTree = "<group>";
		};
		2CE968EB28EFB9A500E2D068 /* Controller */ = {
			isa = PBXGroup;
			children = (
				2C422C36293AE1430015CE9D /* Login */,
				2CDEAA7F28F59CD900464E30 /* TabBar */,
				2CDEAA7E28F59CC900464E30 /* SideMenu */,
				2CE968F728EFBB2700E2D068 /* BulletinBoard */,
				2CE968F628EFBB1C00E2D068 /* Profile */,
			);
			path = Controller;
			sourceTree = "<group>";
		};
		2CE968F228EFBA5D00E2D068 /* BulletinBoard */ = {
			isa = PBXGroup;
			children = (
				2C422C3329290D7B0015CE9D /* BulletinBoardCommentCell.xib */,
				2CE968EE28EFB9D300E2D068 /* BulletinBoardSelectionView.storyboard */,
				53FD971728F58F6B002F9190 /* BulletinBoardSelectionTableViewCell.xib */,
				53733252290C908C00D6DE25 /* FreeBoardXibViewCell.xib */,
				53FD972228F5D8D1002F9190 /* BoardView.storyboard */,
				2C422C2A292885760015CE9D /* BulletinBoardDetailView.storyboard */,
			);
			path = BulletinBoard;
			sourceTree = "<group>";
		};
		2CE968F328EFBA7500E2D068 /* Profile */ = {
			isa = PBXGroup;
			children = (
				2CE968F428EFBB1300E2D068 /* ProfileView.storyboard */,
			);
			path = Profile;
			sourceTree = "<group>";
		};
		2CE968F628EFBB1C00E2D068 /* Profile */ = {
			isa = PBXGroup;
			children = (
				2CE968F828EFBB7F00E2D068 /* ProfileController.swift */,
			);
			path = Profile;
			sourceTree = "<group>";
		};
		2CE968F728EFBB2700E2D068 /* BulletinBoard */ = {
			isa = PBXGroup;
			children = (
				2CE968F028EFB9E100E2D068 /* BulletinBoardSelectionController.swift */,
				53FD971628F58F6B002F9190 /* BoardSelectionTableViewCell.swift */,
				53FD972828F5FA63002F9190 /* BoardNavigationController.swift */,
				5373324F290C8B3100D6DE25 /* FreeBoardViewController.swift */,
				53733251290C908C00D6DE25 /* FreeBoardXibViewCell.swift */,
				2C422C2E292885D60015CE9D /* BulletinBoardDetailController.swift */,
				2C422C3229290D7B0015CE9D /* BulletinBoardCommentCell.swift */,
			);
			path = BulletinBoard;
			sourceTree = "<group>";
		};
		2CE968FA28EFBB9A00E2D068 /* BulletinBoard */ = {
			isa = PBXGroup;
			children = (
				2CE968EC28EFB9BB00E2D068 /* BulletinBoardSelectionModel.swift */,
				53733255291159C700D6DE25 /* FreeBoardModel.swift */,
				2C422C302929035C0015CE9D /* BulletinBoardDetailModel.swift */,
			);
			path = BulletinBoard;
			sourceTree = "<group>";
		};
		2CE968FB28EFBBA300E2D068 /* Profile */ = {
			isa = PBXGroup;
			children = (
				2CE968FC28EFBBD000E2D068 /* ProfileModel.swift */,
			);
			path = Profile;
			sourceTree = "<group>";
		};
		2CE968FE28EFBE1800E2D068 /* Base.lproj */ = {
			isa = PBXGroup;
			children = (
				2CE968FF28EFBE1800E2D068 /* LaunchScreen.storyboard */,
				2CE9690128EFBE1800E2D068 /* MainView.storyboard */,
			);
			path = Base.lproj;
			sourceTree = "<group>";
		};
		46EA33E1708EAE83CB868B88 /* Pods */ = {
			isa = PBXGroup;
			children = (
				45BADE8B62D0B361CB0AA07E /* Pods-FlagBoard.debug.xcconfig */,
				403779DE585FDF34D23A003D /* Pods-FlagBoard.release.xcconfig */,
			);
			path = Pods;
			sourceTree = "<group>";
		};
		F4FBB76D4D53C07A223C8D48 /* Frameworks */ = {
			isa = PBXGroup;
			children = (
				C451DCE60DB946DC375FED99 /* Pods_FlagBoard.framework */,
			);
			name = Frameworks;
			sourceTree = "<group>";
		};
/* End PBXGroup section */

/* Begin PBXNativeTarget section */
		2CE85A1828EA80FA00EC6016 /* FlagBoard */ = {
			isa = PBXNativeTarget;
			buildConfigurationList = 2CE85A2D28EA80FB00EC6016 /* Build configuration list for PBXNativeTarget "FlagBoard" */;
			buildPhases = (
				E91B7358151999E9B0D38F7C /* [CP] Check Pods Manifest.lock */,
				2CE85A1528EA80FA00EC6016 /* Sources */,
				2CE85A1628EA80FA00EC6016 /* Frameworks */,
				2CE85A1728EA80FA00EC6016 /* Resources */,
				4B9033979C788B745D46A0E5 /* [CP] Embed Pods Frameworks */,
			);
			buildRules = (
			);
			dependencies = (
			);
			name = FlagBoard;
			productName = FlagBoard;
			productReference = 2CE85A1928EA80FA00EC6016 /* FlagBoard.app */;
			productType = "com.apple.product-type.application";
		};
/* End PBXNativeTarget section */

/* Begin PBXProject section */
		2CE85A1128EA80FA00EC6016 /* Project object */ = {
			isa = PBXProject;
			attributes = {
				BuildIndependentTargetsInParallel = 1;
				LastSwiftUpdateCheck = 1340;
				LastUpgradeCheck = 1340;
				TargetAttributes = {
					2CE85A1828EA80FA00EC6016 = {
						CreatedOnToolsVersion = 13.4.1;
					};
				};
			};
			buildConfigurationList = 2CE85A1428EA80FA00EC6016 /* Build configuration list for PBXProject "FlagBoard" */;
			compatibilityVersion = "Xcode 13.0";
			developmentRegion = en;
			hasScannedForEncodings = 0;
			knownRegions = (
				en,
				Base,
			);
			mainGroup = 2CE85A1028EA80FA00EC6016;
			productRefGroup = 2CE85A1A28EA80FA00EC6016 /* Products */;
			projectDirPath = "";
			projectRoot = "";
			targets = (
				2CE85A1828EA80FA00EC6016 /* FlagBoard */,
			);
		};
/* End PBXProject section */

/* Begin PBXResourcesBuildPhase section */
		2CE85A1728EA80FA00EC6016 /* Resources */ = {
			isa = PBXResourcesBuildPhase;
			buildActionMask = 2147483647;
			files = (
				2CFDE779297917B2009695BA /* EmailVerifyView.storyboard in Resources */,
				53FD972328F5D8D1002F9190 /* BoardView.storyboard in Resources */,
				53733254290C908C00D6DE25 /* FreeBoardXibViewCell.xib in Resources */,
				2C422C422949D9A00015CE9D /* RegisterIdAndPasswordView.storyboard in Resources */,
				2C422C2B292885760015CE9D /* BulletinBoardDetailView.storyboard in Resources */,
				53FD971928F58F6B002F9190 /* BulletinBoardSelectionTableViewCell.xib in Resources */,
				2C422C3529290D7B0015CE9D /* BulletinBoardCommentCell.xib in Resources */,
				2CDEAA7628EFC2AE00464E30 /* MainView.storyboard in Resources */,
				2CDEAA7528EFC2AA00464E30 /* LaunchScreen.storyboard in Resources */,
				2CE968EF28EFB9D300E2D068 /* BulletinBoardSelectionView.storyboard in Resources */,
				2CDEAA8228F59E2A00464E30 /* SideMenuView.storyboard in Resources */,
				2CE85A2628EA80FB00EC6016 /* Assets.xcassets in Resources */,
				2CE968F528EFBB1300E2D068 /* ProfileView.storyboard in Resources */,
				2CFDE777297912E7009695BA /* RegisterEmailAndInformationView.storyboard in Resources */,
				2C422C3C293AE2FC0015CE9D /* LoginView.storyboard in Resources */,
			);
			runOnlyForDeploymentPostprocessing = 0;
		};
/* End PBXResourcesBuildPhase section */

/* Begin PBXShellScriptBuildPhase section */
		4B9033979C788B745D46A0E5 /* [CP] Embed Pods Frameworks */ = {
			isa = PBXShellScriptBuildPhase;
			buildActionMask = 2147483647;
			files = (
			);
			inputFileListPaths = (
				"${PODS_ROOT}/Target Support Files/Pods-FlagBoard/Pods-FlagBoard-frameworks-${CONFIGURATION}-input-files.xcfilelist",
			);
			name = "[CP] Embed Pods Frameworks";
			outputFileListPaths = (
				"${PODS_ROOT}/Target Support Files/Pods-FlagBoard/Pods-FlagBoard-frameworks-${CONFIGURATION}-output-files.xcfilelist",
			);
			runOnlyForDeploymentPostprocessing = 0;
			shellPath = /bin/sh;
			shellScript = "\"${PODS_ROOT}/Target Support Files/Pods-FlagBoard/Pods-FlagBoard-frameworks.sh\"\n";
			showEnvVarsInLog = 0;
		};
		E91B7358151999E9B0D38F7C /* [CP] Check Pods Manifest.lock */ = {
			isa = PBXShellScriptBuildPhase;
			buildActionMask = 2147483647;
			files = (
			);
			inputFileListPaths = (
			);
			inputPaths = (
				"${PODS_PODFILE_DIR_PATH}/Podfile.lock",
				"${PODS_ROOT}/Manifest.lock",
			);
			name = "[CP] Check Pods Manifest.lock";
			outputFileListPaths = (
			);
			outputPaths = (
				"$(DERIVED_FILE_DIR)/Pods-FlagBoard-checkManifestLockResult.txt",
			);
			runOnlyForDeploymentPostprocessing = 0;
			shellPath = /bin/sh;
			shellScript = "diff \"${PODS_PODFILE_DIR_PATH}/Podfile.lock\" \"${PODS_ROOT}/Manifest.lock\" > /dev/null\nif [ $? != 0 ] ; then\n    # print error to STDERR\n    echo \"error: The sandbox is not in sync with the Podfile.lock. Run 'pod install' or update your CocoaPods installation.\" >&2\n    exit 1\nfi\n# This output is used by Xcode 'outputs' to avoid re-running this script phase.\necho \"SUCCESS\" > \"${SCRIPT_OUTPUT_FILE_0}\"\n";
			showEnvVarsInLog = 0;
		};
/* End PBXShellScriptBuildPhase section */

/* Begin PBXSourcesBuildPhase section */
		2CE85A1528EA80FA00EC6016 /* Sources */ = {
			isa = PBXSourcesBuildPhase;
			buildActionMask = 2147483647;
			files = (
				2CE968FD28EFBBD000E2D068 /* ProfileModel.swift in Sources */,
				2C422C3E293AE3130015CE9D /* LoginModel.swift in Sources */,
				2C56826B298BB8DC00789F31 /* MembersRouter.swift in Sources */,
				2C422C402949D9850015CE9D /* RegisterIdAndPasswordController.swift in Sources */,
				2CE968ED28EFB9BB00E2D068 /* BulletinBoardSelectionModel.swift in Sources */,
				2CE85A1D28EA80FA00EC6016 /* AppDelegate.swift in Sources */,
				2CDEAA7828EFC4AD00464E30 /* TabBarController.swift in Sources */,
				2CFDE785297FAB28009695BA /* BaseInterceptor.swift in Sources */,
				2CDEAA7D28F59CB800464E30 /* SideMenuController.swift in Sources */,
				2C422C3429290D7B0015CE9D /* BulletinBoardCommentCell.swift in Sources */,
				2CE85A1F28EA80FA00EC6016 /* SceneDelegate.swift in Sources */,
				53FD972928F5FA63002F9190 /* BoardNavigationController.swift in Sources */,
				2C56825F298B881500789F31 /* UserRouter.swift in Sources */,
				2C422C3A293AE2820015CE9D /* LoginController.swift in Sources */,
				2CFDE77B297917C8009695BA /* EmailVerifyController.swift in Sources */,
				53733253290C908C00D6DE25 /* FreeBoardXibViewCell.swift in Sources */,
				2CFDE783297FAA53009695BA /* AuthRouter.swift in Sources */,
				53733256291159C700D6DE25 /* FreeBoardModel.swift in Sources */,
				2CFDE77D297A637C009695BA /* RegisterModel.swift in Sources */,
				2CFDE77F297ED4AB009695BA /* AlamofireManager.swift in Sources */,
				2CFDE787297FAC4F009695BA /* MyLogger.swift in Sources */,
				2CE968F128EFB9E100E2D068 /* BulletinBoardSelectionController.swift in Sources */,
				2CFDE774297912A8009695BA /* RegisterEmailAndInformationController.swift in Sources */,
				2C422C2F292885D60015CE9D /* BulletinBoardDetailController.swift in Sources */,
				2CE968E528EFB88000E2D068 /* extension.swift in Sources */,
				2C56825E298B881500789F31 /* OAuthAuthenticator.swift in Sources */,
				53733250290C8B3100D6DE25 /* FreeBoardViewController.swift in Sources */,
				2C422C312929035C0015CE9D /* BulletinBoardDetailModel.swift in Sources */,
				2C56825D298B881500789F31 /* OAuthCredential.swift in Sources */,
				53FD971828F58F6B002F9190 /* BoardSelectionTableViewCell.swift in Sources */,
				2CE968F928EFBB7F00E2D068 /* ProfileController.swift in Sources */,
				2CDEAA8428F5A9F500464E30 /* CustomSideMenuNavigationController.swift in Sources */,
				2C568261298B884C00789F31 /* AuthModel.swift in Sources */,
			);
			runOnlyForDeploymentPostprocessing = 0;
		};
/* End PBXSourcesBuildPhase section */

/* Begin PBXVariantGroup section */
		2CE968FF28EFBE1800E2D068 /* LaunchScreen.storyboard */ = {
			isa = PBXVariantGroup;
			children = (
				2CE9690028EFBE1800E2D068 /* Base */,
			);
			name = LaunchScreen.storyboard;
			sourceTree = "<group>";
		};
		2CE9690128EFBE1800E2D068 /* MainView.storyboard */ = {
			isa = PBXVariantGroup;
			children = (
				2CE9690228EFBE1800E2D068 /* Base */,
			);
			name = MainView.storyboard;
			sourceTree = "<group>";
		};
/* End PBXVariantGroup section */

/* Begin XCBuildConfiguration section */
		2CE85A2B28EA80FB00EC6016 /* Debug */ = {
			isa = XCBuildConfiguration;
			buildSettings = {
				ALWAYS_SEARCH_USER_PATHS = NO;
				CLANG_ANALYZER_NONNULL = YES;
				CLANG_ANALYZER_NUMBER_OBJECT_CONVERSION = YES_AGGRESSIVE;
				CLANG_CXX_LANGUAGE_STANDARD = "gnu++17";
				CLANG_ENABLE_MODULES = YES;
				CLANG_ENABLE_OBJC_ARC = YES;
				CLANG_ENABLE_OBJC_WEAK = YES;
				CLANG_WARN_BLOCK_CAPTURE_AUTORELEASING = YES;
				CLANG_WARN_BOOL_CONVERSION = YES;
				CLANG_WARN_COMMA = YES;
				CLANG_WARN_CONSTANT_CONVERSION = YES;
				CLANG_WARN_DEPRECATED_OBJC_IMPLEMENTATIONS = YES;
				CLANG_WARN_DIRECT_OBJC_ISA_USAGE = YES_ERROR;
				CLANG_WARN_DOCUMENTATION_COMMENTS = YES;
				CLANG_WARN_EMPTY_BODY = YES;
				CLANG_WARN_ENUM_CONVERSION = YES;
				CLANG_WARN_INFINITE_RECURSION = YES;
				CLANG_WARN_INT_CONVERSION = YES;
				CLANG_WARN_NON_LITERAL_NULL_CONVERSION = YES;
				CLANG_WARN_OBJC_IMPLICIT_RETAIN_SELF = YES;
				CLANG_WARN_OBJC_LITERAL_CONVERSION = YES;
				CLANG_WARN_OBJC_ROOT_CLASS = YES_ERROR;
				CLANG_WARN_QUOTED_INCLUDE_IN_FRAMEWORK_HEADER = YES;
				CLANG_WARN_RANGE_LOOP_ANALYSIS = YES;
				CLANG_WARN_STRICT_PROTOTYPES = YES;
				CLANG_WARN_SUSPICIOUS_MOVE = YES;
				CLANG_WARN_UNGUARDED_AVAILABILITY = YES_AGGRESSIVE;
				CLANG_WARN_UNREACHABLE_CODE = YES;
				CLANG_WARN__DUPLICATE_METHOD_MATCH = YES;
				COPY_PHASE_STRIP = NO;
				DEBUG_INFORMATION_FORMAT = dwarf;
				ENABLE_STRICT_OBJC_MSGSEND = YES;
				ENABLE_TESTABILITY = YES;
				GCC_C_LANGUAGE_STANDARD = gnu11;
				GCC_DYNAMIC_NO_PIC = NO;
				GCC_NO_COMMON_BLOCKS = YES;
				GCC_OPTIMIZATION_LEVEL = 0;
				GCC_PREPROCESSOR_DEFINITIONS = (
					"DEBUG=1",
					"$(inherited)",
				);
				GCC_WARN_64_TO_32_BIT_CONVERSION = YES;
				GCC_WARN_ABOUT_RETURN_TYPE = YES_ERROR;
				GCC_WARN_UNDECLARED_SELECTOR = YES;
				GCC_WARN_UNINITIALIZED_AUTOS = YES_AGGRESSIVE;
				GCC_WARN_UNUSED_FUNCTION = YES;
				GCC_WARN_UNUSED_VARIABLE = YES;
				IPHONEOS_DEPLOYMENT_TARGET = 15.5;
				MTL_ENABLE_DEBUG_INFO = INCLUDE_SOURCE;
				MTL_FAST_MATH = YES;
				ONLY_ACTIVE_ARCH = YES;
				SDKROOT = iphoneos;
				SWIFT_ACTIVE_COMPILATION_CONDITIONS = DEBUG;
				SWIFT_OPTIMIZATION_LEVEL = "-Onone";
			};
			name = Debug;
		};
		2CE85A2C28EA80FB00EC6016 /* Release */ = {
			isa = XCBuildConfiguration;
			buildSettings = {
				ALWAYS_SEARCH_USER_PATHS = NO;
				CLANG_ANALYZER_NONNULL = YES;
				CLANG_ANALYZER_NUMBER_OBJECT_CONVERSION = YES_AGGRESSIVE;
				CLANG_CXX_LANGUAGE_STANDARD = "gnu++17";
				CLANG_ENABLE_MODULES = YES;
				CLANG_ENABLE_OBJC_ARC = YES;
				CLANG_ENABLE_OBJC_WEAK = YES;
				CLANG_WARN_BLOCK_CAPTURE_AUTORELEASING = YES;
				CLANG_WARN_BOOL_CONVERSION = YES;
				CLANG_WARN_COMMA = YES;
				CLANG_WARN_CONSTANT_CONVERSION = YES;
				CLANG_WARN_DEPRECATED_OBJC_IMPLEMENTATIONS = YES;
				CLANG_WARN_DIRECT_OBJC_ISA_USAGE = YES_ERROR;
				CLANG_WARN_DOCUMENTATION_COMMENTS = YES;
				CLANG_WARN_EMPTY_BODY = YES;
				CLANG_WARN_ENUM_CONVERSION = YES;
				CLANG_WARN_INFINITE_RECURSION = YES;
				CLANG_WARN_INT_CONVERSION = YES;
				CLANG_WARN_NON_LITERAL_NULL_CONVERSION = YES;
				CLANG_WARN_OBJC_IMPLICIT_RETAIN_SELF = YES;
				CLANG_WARN_OBJC_LITERAL_CONVERSION = YES;
				CLANG_WARN_OBJC_ROOT_CLASS = YES_ERROR;
				CLANG_WARN_QUOTED_INCLUDE_IN_FRAMEWORK_HEADER = YES;
				CLANG_WARN_RANGE_LOOP_ANALYSIS = YES;
				CLANG_WARN_STRICT_PROTOTYPES = YES;
				CLANG_WARN_SUSPICIOUS_MOVE = YES;
				CLANG_WARN_UNGUARDED_AVAILABILITY = YES_AGGRESSIVE;
				CLANG_WARN_UNREACHABLE_CODE = YES;
				CLANG_WARN__DUPLICATE_METHOD_MATCH = YES;
				COPY_PHASE_STRIP = NO;
				DEBUG_INFORMATION_FORMAT = "dwarf-with-dsym";
				ENABLE_NS_ASSERTIONS = NO;
				ENABLE_STRICT_OBJC_MSGSEND = YES;
				GCC_C_LANGUAGE_STANDARD = gnu11;
				GCC_NO_COMMON_BLOCKS = YES;
				GCC_WARN_64_TO_32_BIT_CONVERSION = YES;
				GCC_WARN_ABOUT_RETURN_TYPE = YES_ERROR;
				GCC_WARN_UNDECLARED_SELECTOR = YES;
				GCC_WARN_UNINITIALIZED_AUTOS = YES_AGGRESSIVE;
				GCC_WARN_UNUSED_FUNCTION = YES;
				GCC_WARN_UNUSED_VARIABLE = YES;
				IPHONEOS_DEPLOYMENT_TARGET = 15.5;
				MTL_ENABLE_DEBUG_INFO = NO;
				MTL_FAST_MATH = YES;
				SDKROOT = iphoneos;
				SWIFT_COMPILATION_MODE = wholemodule;
				SWIFT_OPTIMIZATION_LEVEL = "-O";
				VALIDATE_PRODUCT = YES;
			};
			name = Release;
		};
		2CE85A2E28EA80FB00EC6016 /* Debug */ = {
			isa = XCBuildConfiguration;
			baseConfigurationReference = 45BADE8B62D0B361CB0AA07E /* Pods-FlagBoard.debug.xcconfig */;
			buildSettings = {
				ASSETCATALOG_COMPILER_APPICON_NAME = AppIcon;
				ASSETCATALOG_COMPILER_GLOBAL_ACCENT_COLOR_NAME = AccentColor;
				CODE_SIGN_STYLE = Automatic;
				CURRENT_PROJECT_VERSION = 1;
				DEVELOPMENT_TEAM = C3P52YR8KJ;
				GENERATE_INFOPLIST_FILE = YES;
				INFOPLIST_FILE = FlagBoard/Resources/Info.plist;
				INFOPLIST_KEY_UIApplicationSupportsIndirectInputEvents = YES;
				INFOPLIST_KEY_UILaunchStoryboardName = LaunchScreen;
				INFOPLIST_KEY_UISupportedInterfaceOrientations_iPad = "UIInterfaceOrientationPortrait UIInterfaceOrientationPortraitUpsideDown UIInterfaceOrientationLandscapeLeft UIInterfaceOrientationLandscapeRight";
				INFOPLIST_KEY_UISupportedInterfaceOrientations_iPhone = "UIInterfaceOrientationPortrait UIInterfaceOrientationLandscapeLeft UIInterfaceOrientationLandscapeRight";
				LD_RUNPATH_SEARCH_PATHS = (
					"$(inherited)",
					"@executable_path/Frameworks",
				);
				MARKETING_VERSION = 1.0;
				PRODUCT_BUNDLE_IDENTIFIER = com.FlagBoard;
				PRODUCT_NAME = "$(TARGET_NAME)";
				SWIFT_EMIT_LOC_STRINGS = YES;
				SWIFT_VERSION = 5.0;
				TARGETED_DEVICE_FAMILY = "1,2";
			};
			name = Debug;
		};
		2CE85A2F28EA80FB00EC6016 /* Release */ = {
			isa = XCBuildConfiguration;
			baseConfigurationReference = 403779DE585FDF34D23A003D /* Pods-FlagBoard.release.xcconfig */;
			buildSettings = {
				ASSETCATALOG_COMPILER_APPICON_NAME = AppIcon;
				ASSETCATALOG_COMPILER_GLOBAL_ACCENT_COLOR_NAME = AccentColor;
				CODE_SIGN_STYLE = Automatic;
				CURRENT_PROJECT_VERSION = 1;
				DEVELOPMENT_TEAM = C3P52YR8KJ;
				GENERATE_INFOPLIST_FILE = YES;
				INFOPLIST_FILE = FlagBoard/Resources/Info.plist;
				INFOPLIST_KEY_UIApplicationSupportsIndirectInputEvents = YES;
				INFOPLIST_KEY_UILaunchStoryboardName = LaunchScreen;
				INFOPLIST_KEY_UISupportedInterfaceOrientations_iPad = "UIInterfaceOrientationPortrait UIInterfaceOrientationPortraitUpsideDown UIInterfaceOrientationLandscapeLeft UIInterfaceOrientationLandscapeRight";
				INFOPLIST_KEY_UISupportedInterfaceOrientations_iPhone = "UIInterfaceOrientationPortrait UIInterfaceOrientationLandscapeLeft UIInterfaceOrientationLandscapeRight";
				LD_RUNPATH_SEARCH_PATHS = (
					"$(inherited)",
					"@executable_path/Frameworks",
				);
				MARKETING_VERSION = 1.0;
				PRODUCT_BUNDLE_IDENTIFIER = com.FlagBoard;
				PRODUCT_NAME = "$(TARGET_NAME)";
				SWIFT_EMIT_LOC_STRINGS = YES;
				SWIFT_VERSION = 5.0;
				TARGETED_DEVICE_FAMILY = "1,2";
			};
			name = Release;
		};
/* End XCBuildConfiguration section */

/* Begin XCConfigurationList section */
		2CE85A1428EA80FA00EC6016 /* Build configuration list for PBXProject "FlagBoard" */ = {
			isa = XCConfigurationList;
			buildConfigurations = (
				2CE85A2B28EA80FB00EC6016 /* Debug */,
				2CE85A2C28EA80FB00EC6016 /* Release */,
			);
			defaultConfigurationIsVisible = 0;
			defaultConfigurationName = Release;
		};
		2CE85A2D28EA80FB00EC6016 /* Build configuration list for PBXNativeTarget "FlagBoard" */ = {
			isa = XCConfigurationList;
			buildConfigurations = (
				2CE85A2E28EA80FB00EC6016 /* Debug */,
				2CE85A2F28EA80FB00EC6016 /* Release */,
			);
			defaultConfigurationIsVisible = 0;
			defaultConfigurationName = Release;
		};
/* End XCConfigurationList section */
	};
	rootObject = 2CE85A1128EA80FA00EC6016 /* Project object */;
}
